
Microsoft Visual Studio Solution File, Format Version 12.00
# Visual Studio Version 16
VisualStudioVersion = 16.0.29709.97
MinimumVisualStudioVersion = 10.0.40219.1
Project("{151D2E53-A2C4-4D7D-83FE-D05416EBD58E}") = "POC.AzureRedisCache.ArmTemplate", "POC.AzureRedisCache.ArmTemplate\POC.AzureRedisCache.ArmTemplate.deployproj", "{B3A5B2DA-188D-429F-A291-256DF28AB2E5}"
EndProject
Global
	GlobalSection(SolutionConfigurationPlatforms) = preSolution
		Debug|Any CPU = Debug|Any CPU
		Release|Any CPU = Release|Any CPU
	EndGlobalSection
	GlobalSection(ProjectConfigurationPlatforms) = postSolution
		{B3A5B2DA-188D-429F-A291-256DF28AB2E5}.Debug|Any CPU.ActiveCfg = Debug|Any CPU
		{B3A5B2DA-188D-429F-A291-256DF28AB2E5}.Debug|Any CPU.Build.0 = Debug|Any CPU
		{B3A5B2DA-188D-429F-A291-256DF28AB2E5}.Release|Any CPU.ActiveCfg = Release|Any CPU
		{B3A5B2DA-188D-429F-A291-256DF28AB2E5}.Release|Any CPU.Build.0 = Release|Any CPU
	EndGlobalSection
	GlobalSection(SolutionProperties) = preSolution
		HideSolutionNode = FALSE
	EndGlobalSection
	GlobalSection(ExtensibilityGlobals) = postSolution
		SolutionGuid = {3044EC1E-DF58-4297-B192-499625CF0F20}
	EndGlobalSection
EndGlobal
